
Microsoft Visual Studio Solution File, Format Version 12.00
# Visual Studio Version 17
VisualStudioVersion = 17.10.35004.147
MinimumVisualStudioVersion = 10.0.40219.1
Project("{FAE04EC0-301F-11D3-BF4B-00C04F79EFBC}") = "PizzeriaApp", "PizzeriaApp\PizzeriaApp.csproj", "{9F9FEF5C-E8A7-4577-8DDC-E7AB1E51D0AE}"
EndProject
Global
	GlobalSection(SolutionConfigurationPlatforms) = preSolution
		Debug|Any CPU = Debug|Any CPU
		Release|Any CPU = Release|Any CPU
	EndGlobalSection
	GlobalSection(ProjectConfigurationPlatforms) = postSolution
		{9F9FEF5C-E8A7-4577-8DDC-E7AB1E51D0AE}.Debug|Any CPU.ActiveCfg = Debug|Any CPU
		{9F9FEF5C-E8A7-4577-8DDC-E7AB1E51D0AE}.Debug|Any CPU.Build.0 = Debug|Any CPU
		{9F9FEF5C-E8A7-4577-8DDC-E7AB1E51D0AE}.Release|Any CPU.ActiveCfg = Release|Any CPU
		{9F9FEF5C-E8A7-4577-8DDC-E7AB1E51D0AE}.Release|Any CPU.Build.0 = Release|Any CPU
	EndGlobalSection
	GlobalSection(SolutionProperties) = preSolution
		HideSolutionNode = FALSE
	EndGlobalSection
	GlobalSection(ExtensibilityGlobals) = postSolution
		SolutionGuid = {BC5FF6DB-5E9B-4F4E-852C-A8EE8C6BC404}
	EndGlobalSection
EndGlobal
