
Microsoft Visual Studio Solution File, Format Version 12.00
# Visual Studio Version 17
VisualStudioVersion = 17.10.35004.147
MinimumVisualStudioVersion = 10.0.40219.1
Project("{FAE04EC0-301F-11D3-BF4B-00C04F79EFBC}") = "AlbergoApp", "AlbergoApp\AlbergoApp.csproj", "{845F7829-4DC7-489F-AE47-56676D981943}"
EndProject
Global
	GlobalSection(SolutionConfigurationPlatforms) = preSolution
		Debug|Any CPU = Debug|Any CPU
		Release|Any CPU = Release|Any CPU
	EndGlobalSection
	GlobalSection(ProjectConfigurationPlatforms) = postSolution
		{845F7829-4DC7-489F-AE47-56676D981943}.Debug|Any CPU.ActiveCfg = Debug|Any CPU
		{845F7829-4DC7-489F-AE47-56676D981943}.Debug|Any CPU.Build.0 = Debug|Any CPU
		{845F7829-4DC7-489F-AE47-56676D981943}.Release|Any CPU.ActiveCfg = Release|Any CPU
		{845F7829-4DC7-489F-AE47-56676D981943}.Release|Any CPU.Build.0 = Release|Any CPU
	EndGlobalSection
	GlobalSection(SolutionProperties) = preSolution
		HideSolutionNode = FALSE
	EndGlobalSection
	GlobalSection(ExtensibilityGlobals) = postSolution
		SolutionGuid = {4593C39E-8D2B-4247-86BA-270EF4887EFA}
	EndGlobalSection
EndGlobal
